
Microsoft Visual Studio Solution File, Format Version 12.00
# Visual Studio 15
VisualStudioVersion = 15.0.26124.0
MinimumVisualStudioVersion = 15.0.26124.0
Project("{FAE04EC0-301F-11D3-BF4B-00C04F79EFBC}") = "DatingApp.API", "DatingApp.API\DatingApp.API.csproj", "{1A9CA770-A059-466B-B3B4-3ED54BAD612E}"
EndProject
Project("{FAE04EC0-301F-11D3-BF4B-00C04F79EFBC}") = "DatingApp.API.Test", "DatingApp.API.Test\DatingApp.API.Test.csproj", "{9CC16697-450D-49FE-974A-FE2B8117FCBF}"
EndProject
Project("{FAE04EC0-301F-11D3-BF4B-00C04F79EFBC}") = "LoggerService", "LoggerService\LoggerService.csproj", "{31D039F2-6432-4F3A-AFCE-29EBAE0E4649}"
EndProject
Global
	GlobalSection(SolutionConfigurationPlatforms) = preSolution
		Debug|Any CPU = Debug|Any CPU
		Debug|x64 = Debug|x64
		Debug|x86 = Debug|x86
		Release|Any CPU = Release|Any CPU
		Release|x64 = Release|x64
		Release|x86 = Release|x86
	EndGlobalSection
	GlobalSection(SolutionProperties) = preSolution
		HideSolutionNode = FALSE
	EndGlobalSection
	GlobalSection(ProjectConfigurationPlatforms) = postSolution
		{1A9CA770-A059-466B-B3B4-3ED54BAD612E}.Debug|Any CPU.ActiveCfg = Debug|Any CPU
		{1A9CA770-A059-466B-B3B4-3ED54BAD612E}.Debug|Any CPU.Build.0 = Debug|Any CPU
		{1A9CA770-A059-466B-B3B4-3ED54BAD612E}.Debug|x64.ActiveCfg = Debug|Any CPU
		{1A9CA770-A059-466B-B3B4-3ED54BAD612E}.Debug|x64.Build.0 = Debug|Any CPU
		{1A9CA770-A059-466B-B3B4-3ED54BAD612E}.Debug|x86.ActiveCfg = Debug|Any CPU
		{1A9CA770-A059-466B-B3B4-3ED54BAD612E}.Debug|x86.Build.0 = Debug|Any CPU
		{1A9CA770-A059-466B-B3B4-3ED54BAD612E}.Release|Any CPU.ActiveCfg = Release|Any CPU
		{1A9CA770-A059-466B-B3B4-3ED54BAD612E}.Release|Any CPU.Build.0 = Release|Any CPU
		{1A9CA770-A059-466B-B3B4-3ED54BAD612E}.Release|x64.ActiveCfg = Release|Any CPU
		{1A9CA770-A059-466B-B3B4-3ED54BAD612E}.Release|x64.Build.0 = Release|Any CPU
		{1A9CA770-A059-466B-B3B4-3ED54BAD612E}.Release|x86.ActiveCfg = Release|Any CPU
		{1A9CA770-A059-466B-B3B4-3ED54BAD612E}.Release|x86.Build.0 = Release|Any CPU
		{9CC16697-450D-49FE-974A-FE2B8117FCBF}.Debug|Any CPU.ActiveCfg = Debug|Any CPU
		{9CC16697-450D-49FE-974A-FE2B8117FCBF}.Debug|Any CPU.Build.0 = Debug|Any CPU
		{9CC16697-450D-49FE-974A-FE2B8117FCBF}.Debug|x64.ActiveCfg = Debug|Any CPU
		{9CC16697-450D-49FE-974A-FE2B8117FCBF}.Debug|x64.Build.0 = Debug|Any CPU
		{9CC16697-450D-49FE-974A-FE2B8117FCBF}.Debug|x86.ActiveCfg = Debug|Any CPU
		{9CC16697-450D-49FE-974A-FE2B8117FCBF}.Debug|x86.Build.0 = Debug|Any CPU
		{9CC16697-450D-49FE-974A-FE2B8117FCBF}.Release|Any CPU.ActiveCfg = Release|Any CPU
		{9CC16697-450D-49FE-974A-FE2B8117FCBF}.Release|Any CPU.Build.0 = Release|Any CPU
		{9CC16697-450D-49FE-974A-FE2B8117FCBF}.Release|x64.ActiveCfg = Release|Any CPU
		{9CC16697-450D-49FE-974A-FE2B8117FCBF}.Release|x64.Build.0 = Release|Any CPU
		{9CC16697-450D-49FE-974A-FE2B8117FCBF}.Release|x86.ActiveCfg = Release|Any CPU
		{9CC16697-450D-49FE-974A-FE2B8117FCBF}.Release|x86.Build.0 = Release|Any CPU
		{31D039F2-6432-4F3A-AFCE-29EBAE0E4649}.Debug|Any CPU.ActiveCfg = Debug|Any CPU
		{31D039F2-6432-4F3A-AFCE-29EBAE0E4649}.Debug|Any CPU.Build.0 = Debug|Any CPU
		{31D039F2-6432-4F3A-AFCE-29EBAE0E4649}.Debug|x64.ActiveCfg = Debug|Any CPU
		{31D039F2-6432-4F3A-AFCE-29EBAE0E4649}.Debug|x64.Build.0 = Debug|Any CPU
		{31D039F2-6432-4F3A-AFCE-29EBAE0E4649}.Debug|x86.ActiveCfg = Debug|Any CPU
		{31D039F2-6432-4F3A-AFCE-29EBAE0E4649}.Debug|x86.Build.0 = Debug|Any CPU
		{31D039F2-6432-4F3A-AFCE-29EBAE0E4649}.Release|Any CPU.ActiveCfg = Release|Any CPU
		{31D039F2-6432-4F3A-AFCE-29EBAE0E4649}.Release|Any CPU.Build.0 = Release|Any CPU
		{31D039F2-6432-4F3A-AFCE-29EBAE0E4649}.Release|x64.ActiveCfg = Release|Any CPU
		{31D039F2-6432-4F3A-AFCE-29EBAE0E4649}.Release|x64.Build.0 = Release|Any CPU
		{31D039F2-6432-4F3A-AFCE-29EBAE0E4649}.Release|x86.ActiveCfg = Release|Any CPU
		{31D039F2-6432-4F3A-AFCE-29EBAE0E4649}.Release|x86.Build.0 = Release|Any CPU
	EndGlobalSection
EndGlobal
